// !$*UTF8*$!
{
	archiveVersion = 1;
	classes = {
	};
	objectVersion = 56;
	objects = {

/* Begin PBXBuildFile section */
		8F4E40B62C88CD34009D9DD7 /* AppDelegate.swift in Sources */ = {isa = PBXBuildFile; fileRef = 8F4E40B52C88CD34009D9DD7 /* AppDelegate.swift */; };
		8F4E40B82C88CD34009D9DD7 /* SceneDelegate.swift in Sources */ = {isa = PBXBuildFile; fileRef = 8F4E40B72C88CD34009D9DD7 /* SceneDelegate.swift */; };
		8F4E40BA2C88CD34009D9DD7 /* WeatherViewController.swift in Sources */ = {isa = PBXBuildFile; fileRef = 8F4E40B92C88CD34009D9DD7 /* WeatherViewController.swift */; };
		8F4E40BD2C88CD34009D9DD7 /* Base in Resources */ = {isa = PBXBuildFile; fileRef = 8F4E40BC2C88CD34009D9DD7 /* Base */; };
		8F4E40BF2C88CD35009D9DD7 /* Assets.xcassets in Resources */ = {isa = PBXBuildFile; fileRef = 8F4E40BE2C88CD35009D9DD7 /* Assets.xcassets */; };
		8F4E40C22C88CD35009D9DD7 /* Base in Resources */ = {isa = PBXBuildFile; fileRef = 8F4E40C12C88CD35009D9DD7 /* Base */; };
		8F4E40CE2C88D227009D9DD7 /* NetworkManager.swift in Sources */ = {isa = PBXBuildFile; fileRef = 8F4E40CD2C88D227009D9DD7 /* NetworkManager.swift */; };
		8F4E40D12C88D475009D9DD7 /* Weather.swift in Sources */ = {isa = PBXBuildFile; fileRef = 8F4E40D02C88D475009D9DD7 /* Weather.swift */; };
		8F4E40D52C8C68C2009D9DD7 /* QuestionsViewController.swift in Sources */ = {isa = PBXBuildFile; fileRef = 8F4E40D42C8C68C2009D9DD7 /* QuestionsViewController.swift */; };
		8F4E40D72C8C690F009D9DD7 /* Question.swift in Sources */ = {isa = PBXBuildFile; fileRef = 8F4E40D62C8C690F009D9DD7 /* Question.swift */; };
		8F4E40D92C8C6A8B009D9DD7 /* ResultViewController.swift in Sources */ = {isa = PBXBuildFile; fileRef = 8F4E40D82C8C6A8B009D9DD7 /* ResultViewController.swift */; };
		8F739D5E2C8DDE8100969985 /* MainViewController.swift in Sources */ = {isa = PBXBuildFile; fileRef = 8F739D5D2C8DDE8100969985 /* MainViewController.swift */; };
		8F739D602C8DE45900969985 /* MiniApp.swift in Sources */ = {isa = PBXBuildFile; fileRef = 8F739D5F2C8DE45900969985 /* MiniApp.swift */; };
/* End PBXBuildFile section */

/* Begin PBXFileReference section */
		8F4E40B22C88CD34009D9DD7 /* MiniApps.app */ = {isa = PBXFileReference; explicitFileType = wrapper.application; includeInIndex = 0; path = MiniApps.app; sourceTree = BUILT_PRODUCTS_DIR; };
		8F4E40B52C88CD34009D9DD7 /* AppDelegate.swift */ = {isa = PBXFileReference; lastKnownFileType = sourcecode.swift; path = AppDelegate.swift; sourceTree = "<group>"; };
		8F4E40B72C88CD34009D9DD7 /* SceneDelegate.swift */ = {isa = PBXFileReference; lastKnownFileType = sourcecode.swift; path = SceneDelegate.swift; sourceTree = "<group>"; };
		8F4E40B92C88CD34009D9DD7 /* WeatherViewController.swift */ = {isa = PBXFileReference; lastKnownFileType = sourcecode.swift; path = WeatherViewController.swift; sourceTree = "<group>"; };
		8F4E40BC2C88CD34009D9DD7 /* Base */ = {isa = PBXFileReference; lastKnownFileType = file.storyboard; name = Base; path = Base.lproj/Main.storyboard; sourceTree = "<group>"; };
		8F4E40BE2C88CD35009D9DD7 /* Assets.xcassets */ = {isa = PBXFileReference; lastKnownFileType = folder.assetcatalog; path = Assets.xcassets; sourceTree = "<group>"; };
		8F4E40C12C88CD35009D9DD7 /* Base */ = {isa = PBXFileReference; lastKnownFileType = file.storyboard; name = Base; path = Base.lproj/LaunchScreen.storyboard; sourceTree = "<group>"; };
		8F4E40C32C88CD35009D9DD7 /* Info.plist */ = {isa = PBXFileReference; lastKnownFileType = text.plist.xml; path = Info.plist; sourceTree = "<group>"; };
		8F4E40CD2C88D227009D9DD7 /* NetworkManager.swift */ = {isa = PBXFileReference; lastKnownFileType = sourcecode.swift; path = NetworkManager.swift; sourceTree = "<group>"; };
		8F4E40D02C88D475009D9DD7 /* Weather.swift */ = {isa = PBXFileReference; lastKnownFileType = sourcecode.swift; path = Weather.swift; sourceTree = "<group>"; };
		8F4E40D42C8C68C2009D9DD7 /* QuestionsViewController.swift */ = {isa = PBXFileReference; lastKnownFileType = sourcecode.swift; path = QuestionsViewController.swift; sourceTree = "<group>"; };
		8F4E40D62C8C690F009D9DD7 /* Question.swift */ = {isa = PBXFileReference; lastKnownFileType = sourcecode.swift; path = Question.swift; sourceTree = "<group>"; };
		8F4E40D82C8C6A8B009D9DD7 /* ResultViewController.swift */ = {isa = PBXFileReference; lastKnownFileType = sourcecode.swift; path = ResultViewController.swift; sourceTree = "<group>"; };
		8F739D5D2C8DDE8100969985 /* MainViewController.swift */ = {isa = PBXFileReference; lastKnownFileType = sourcecode.swift; path = MainViewController.swift; sourceTree = "<group>"; };
		8F739D5F2C8DE45900969985 /* MiniApp.swift */ = {isa = PBXFileReference; lastKnownFileType = sourcecode.swift; path = MiniApp.swift; sourceTree = "<group>"; };
/* End PBXFileReference section */

/* Begin PBXFrameworksBuildPhase section */
		8F4E40AF2C88CD34009D9DD7 /* Frameworks */ = {
			isa = PBXFrameworksBuildPhase;
			buildActionMask = 2147483647;
			files = (
			);
			runOnlyForDeploymentPostprocessing = 0;
		};
/* End PBXFrameworksBuildPhase section */

/* Begin PBXGroup section */
		8F4E40A92C88CD34009D9DD7 = {
			isa = PBXGroup;
			children = (
				8F4E40B42C88CD34009D9DD7 /* MiniApps */,
				8F4E40B32C88CD34009D9DD7 /* Products */,
			);
			sourceTree = "<group>";
		};
		8F4E40B32C88CD34009D9DD7 /* Products */ = {
			isa = PBXGroup;
			children = (
				8F4E40B22C88CD34009D9DD7 /* MiniApps.app */,
			);
			name = Products;
			sourceTree = "<group>";
		};
		8F4E40B42C88CD34009D9DD7 /* MiniApps */ = {
			isa = PBXGroup;
			children = (
				8F4E40CF2C88D45A009D9DD7 /* Models */,
				8F4E40CC2C88D21A009D9DD7 /* Services */,
				8F4E40C92C88CD60009D9DD7 /* App */,
				8F4E40CA2C88CD98009D9DD7 /* ViewControllers */,
				8F4E40CB2C88CDA7009D9DD7 /* Storyboards */,
				8F4E40BE2C88CD35009D9DD7 /* Assets.xcassets */,
			);
			path = MiniApps;
			sourceTree = "<group>";
		};
		8F4E40C92C88CD60009D9DD7 /* App */ = {
			isa = PBXGroup;
			children = (
				8F4E40B52C88CD34009D9DD7 /* AppDelegate.swift */,
				8F4E40B72C88CD34009D9DD7 /* SceneDelegate.swift */,
				8F4E40C32C88CD35009D9DD7 /* Info.plist */,
			);
			path = App;
			sourceTree = "<group>";
		};
		8F4E40CA2C88CD98009D9DD7 /* ViewControllers */ = {
			isa = PBXGroup;
			children = (
				8F4E40D32C8C67EE009D9DD7 /* Quiz */,
				8F4E40D22C8C67E2009D9DD7 /* Weather */,
				8F739D5D2C8DDE8100969985 /* MainViewController.swift */,
			);
			path = ViewControllers;
			sourceTree = "<group>";
		};
		8F4E40CB2C88CDA7009D9DD7 /* Storyboards */ = {
			isa = PBXGroup;
			children = (
				8F4E40BB2C88CD34009D9DD7 /* Main.storyboard */,
				8F4E40C02C88CD35009D9DD7 /* LaunchScreen.storyboard */,
			);
			path = Storyboards;
			sourceTree = "<group>";
		};
		8F4E40CC2C88D21A009D9DD7 /* Services */ = {
			isa = PBXGroup;
			children = (
				8F4E40CD2C88D227009D9DD7 /* NetworkManager.swift */,
			);
			path = Services;
			sourceTree = "<group>";
		};
		8F4E40CF2C88D45A009D9DD7 /* Models */ = {
			isa = PBXGroup;
			children = (
				8F4E40D02C88D475009D9DD7 /* Weather.swift */,
				8F4E40D62C8C690F009D9DD7 /* Question.swift */,
				8F739D5F2C8DE45900969985 /* MiniApp.swift */,
			);
			path = Models;
			sourceTree = "<group>";
		};
		8F4E40D22C8C67E2009D9DD7 /* Weather */ = {
			isa = PBXGroup;
			children = (
				8F4E40B92C88CD34009D9DD7 /* WeatherViewController.swift */,
			);
			path = Weather;
			sourceTree = "<group>";
		};
		8F4E40D32C8C67EE009D9DD7 /* Quiz */ = {
			isa = PBXGroup;
			children = (
				8F4E40D42C8C68C2009D9DD7 /* QuestionsViewController.swift */,
				8F4E40D82C8C6A8B009D9DD7 /* ResultViewController.swift */,
			);
			path = Quiz;
			sourceTree = "<group>";
		};
/* End PBXGroup section */

/* Begin PBXNativeTarget section */
		8F4E40B12C88CD34009D9DD7 /* MiniApps */ = {
			isa = PBXNativeTarget;
			buildConfigurationList = 8F4E40C62C88CD35009D9DD7 /* Build configuration list for PBXNativeTarget "MiniApps" */;
			buildPhases = (
				8F4E40AE2C88CD34009D9DD7 /* Sources */,
				8F4E40AF2C88CD34009D9DD7 /* Frameworks */,
				8F4E40B02C88CD34009D9DD7 /* Resources */,
			);
			buildRules = (
			);
			dependencies = (
			);
			name = MiniApps;
			productName = MiniApps;
			productReference = 8F4E40B22C88CD34009D9DD7 /* MiniApps.app */;
			productType = "com.apple.product-type.application";
		};
/* End PBXNativeTarget section */

/* Begin PBXProject section */
		8F4E40AA2C88CD34009D9DD7 /* Project object */ = {
			isa = PBXProject;
			attributes = {
				BuildIndependentTargetsInParallel = 1;
				LastSwiftUpdateCheck = 1540;
				LastUpgradeCheck = 1540;
				TargetAttributes = {
					8F4E40B12C88CD34009D9DD7 = {
						CreatedOnToolsVersion = 15.4;
					};
				};
			};
			buildConfigurationList = 8F4E40AD2C88CD34009D9DD7 /* Build configuration list for PBXProject "MiniApps" */;
			compatibilityVersion = "Xcode 14.0";
			developmentRegion = en;
			hasScannedForEncodings = 0;
			knownRegions = (
				en,
				Base,
			);
			mainGroup = 8F4E40A92C88CD34009D9DD7;
			productRefGroup = 8F4E40B32C88CD34009D9DD7 /* Products */;
			projectDirPath = "";
			projectRoot = "";
			targets = (
				8F4E40B12C88CD34009D9DD7 /* MiniApps */,
			);
		};
/* End PBXProject section */

/* Begin PBXResourcesBuildPhase section */
		8F4E40B02C88CD34009D9DD7 /* Resources */ = {
			isa = PBXResourcesBuildPhase;
			buildActionMask = 2147483647;
			files = (
				8F4E40BF2C88CD35009D9DD7 /* Assets.xcassets in Resources */,
				8F4E40C22C88CD35009D9DD7 /* Base in Resources */,
				8F4E40BD2C88CD34009D9DD7 /* Base in Resources */,
			);
			runOnlyForDeploymentPostprocessing = 0;
		};
/* End PBXResourcesBuildPhase section */

/* Begin PBXSourcesBuildPhase section */
		8F4E40AE2C88CD34009D9DD7 /* Sources */ = {
			isa = PBXSourcesBuildPhase;
			buildActionMask = 2147483647;
			files = (
				8F739D602C8DE45900969985 /* MiniApp.swift in Sources */,
				8F4E40CE2C88D227009D9DD7 /* NetworkManager.swift in Sources */,
				8F4E40BA2C88CD34009D9DD7 /* WeatherViewController.swift in Sources */,
				8F4E40D52C8C68C2009D9DD7 /* QuestionsViewController.swift in Sources */,
				8F4E40D92C8C6A8B009D9DD7 /* ResultViewController.swift in Sources */,
				8F4E40B62C88CD34009D9DD7 /* AppDelegate.swift in Sources */,
				8F4E40B82C88CD34009D9DD7 /* SceneDelegate.swift in Sources */,
				8F739D5E2C8DDE8100969985 /* MainViewController.swift in Sources */,
				8F4E40D72C8C690F009D9DD7 /* Question.swift in Sources */,
				8F4E40D12C88D475009D9DD7 /* Weather.swift in Sources */,
			);
			runOnlyForDeploymentPostprocessing = 0;
		};
/* End PBXSourcesBuildPhase section */

/* Begin PBXVariantGroup section */
		8F4E40BB2C88CD34009D9DD7 /* Main.storyboard */ = {
			isa = PBXVariantGroup;
			children = (
				8F4E40BC2C88CD34009D9DD7 /* Base */,
			);
			name = Main.storyboard;
			sourceTree = "<group>";
		};
		8F4E40C02C88CD35009D9DD7 /* LaunchScreen.storyboard */ = {
			isa = PBXVariantGroup;
			children = (
				8F4E40C12C88CD35009D9DD7 /* Base */,
			);
			name = LaunchScreen.storyboard;
			sourceTree = "<group>";
		};
/* End PBXVariantGroup section */

/* Begin XCBuildConfiguration section */
		8F4E40C42C88CD35009D9DD7 /* Debug */ = {
			isa = XCBuildConfiguration;
			buildSettings = {
				ALWAYS_SEARCH_USER_PATHS = NO;
				ASSETCATALOG_COMPILER_GENERATE_SWIFT_ASSET_SYMBOL_EXTENSIONS = YES;
				CLANG_ANALYZER_NONNULL = YES;
				CLANG_ANALYZER_NUMBER_OBJECT_CONVERSION = YES_AGGRESSIVE;
				CLANG_CXX_LANGUAGE_STANDARD = "gnu++20";
				CLANG_ENABLE_MODULES = YES;
				CLANG_ENABLE_OBJC_ARC = YES;
				CLANG_ENABLE_OBJC_WEAK = YES;
				CLANG_WARN_BLOCK_CAPTURE_AUTORELEASING = YES;
				CLANG_WARN_BOOL_CONVERSION = YES;
				CLANG_WARN_COMMA = YES;
				CLANG_WARN_CONSTANT_CONVERSION = YES;
				CLANG_WARN_DEPRECATED_OBJC_IMPLEMENTATIONS = YES;
				CLANG_WARN_DIRECT_OBJC_ISA_USAGE = YES_ERROR;
				CLANG_WARN_DOCUMENTATION_COMMENTS = YES;
				CLANG_WARN_EMPTY_BODY = YES;
				CLANG_WARN_ENUM_CONVERSION = YES;
				CLANG_WARN_INFINITE_RECURSION = YES;
				CLANG_WARN_INT_CONVERSION = YES;
				CLANG_WARN_NON_LITERAL_NULL_CONVERSION = YES;
				CLANG_WARN_OBJC_IMPLICIT_RETAIN_SELF = YES;
				CLANG_WARN_OBJC_LITERAL_CONVERSION = YES;
				CLANG_WARN_OBJC_ROOT_CLASS = YES_ERROR;
				CLANG_WARN_QUOTED_INCLUDE_IN_FRAMEWORK_HEADER = YES;
				CLANG_WARN_RANGE_LOOP_ANALYSIS = YES;
				CLANG_WARN_STRICT_PROTOTYPES = YES;
				CLANG_WARN_SUSPICIOUS_MOVE = YES;
				CLANG_WARN_UNGUARDED_AVAILABILITY = YES_AGGRESSIVE;
				CLANG_WARN_UNREACHABLE_CODE = YES;
				CLANG_WARN__DUPLICATE_METHOD_MATCH = YES;
				COPY_PHASE_STRIP = NO;
				DEBUG_INFORMATION_FORMAT = dwarf;
				ENABLE_STRICT_OBJC_MSGSEND = YES;
				ENABLE_TESTABILITY = YES;
				ENABLE_USER_SCRIPT_SANDBOXING = YES;
				GCC_C_LANGUAGE_STANDARD = gnu17;
				GCC_DYNAMIC_NO_PIC = NO;
				GCC_NO_COMMON_BLOCKS = YES;
				GCC_OPTIMIZATION_LEVEL = 0;
				GCC_PREPROCESSOR_DEFINITIONS = (
					"DEBUG=1",
					"$(inherited)",
				);
				GCC_WARN_64_TO_32_BIT_CONVERSION = YES;
				GCC_WARN_ABOUT_RETURN_TYPE = YES_ERROR;
				GCC_WARN_UNDECLARED_SELECTOR = YES;
				GCC_WARN_UNINITIALIZED_AUTOS = YES_AGGRESSIVE;
				GCC_WARN_UNUSED_FUNCTION = YES;
				GCC_WARN_UNUSED_VARIABLE = YES;
				IPHONEOS_DEPLOYMENT_TARGET = 17.5;
				LOCALIZATION_PREFERS_STRING_CATALOGS = YES;
				MTL_ENABLE_DEBUG_INFO = INCLUDE_SOURCE;
				MTL_FAST_MATH = YES;
				ONLY_ACTIVE_ARCH = YES;
				SDKROOT = iphoneos;
				SWIFT_ACTIVE_COMPILATION_CONDITIONS = "DEBUG $(inherited)";
				SWIFT_OPTIMIZATION_LEVEL = "-Onone";
			};
			name = Debug;
		};
		8F4E40C52C88CD35009D9DD7 /* Release */ = {
			isa = XCBuildConfiguration;
			buildSettings = {
				ALWAYS_SEARCH_USER_PATHS = NO;
				ASSETCATALOG_COMPILER_GENERATE_SWIFT_ASSET_SYMBOL_EXTENSIONS = YES;
				CLANG_ANALYZER_NONNULL = YES;
				CLANG_ANALYZER_NUMBER_OBJECT_CONVERSION = YES_AGGRESSIVE;
				CLANG_CXX_LANGUAGE_STANDARD = "gnu++20";
				CLANG_ENABLE_MODULES = YES;
				CLANG_ENABLE_OBJC_ARC = YES;
				CLANG_ENABLE_OBJC_WEAK = YES;
				CLANG_WARN_BLOCK_CAPTURE_AUTORELEASING = YES;
				CLANG_WARN_BOOL_CONVERSION = YES;
				CLANG_WARN_COMMA = YES;
				CLANG_WARN_CONSTANT_CONVERSION = YES;
				CLANG_WARN_DEPRECATED_OBJC_IMPLEMENTATIONS = YES;
				CLANG_WARN_DIRECT_OBJC_ISA_USAGE = YES_ERROR;
				CLANG_WARN_DOCUMENTATION_COMMENTS = YES;
				CLANG_WARN_EMPTY_BODY = YES;
				CLANG_WARN_ENUM_CONVERSION = YES;
				CLANG_WARN_INFINITE_RECURSION = YES;
				CLANG_WARN_INT_CONVERSION = YES;
				CLANG_WARN_NON_LITERAL_NULL_CONVERSION = YES;
				CLANG_WARN_OBJC_IMPLICIT_RETAIN_SELF = YES;
				CLANG_WARN_OBJC_LITERAL_CONVERSION = YES;
				CLANG_WARN_OBJC_ROOT_CLASS = YES_ERROR;
				CLANG_WARN_QUOTED_INCLUDE_IN_FRAMEWORK_HEADER = YES;
				CLANG_WARN_RANGE_LOOP_ANALYSIS = YES;
				CLANG_WARN_STRICT_PROTOTYPES = YES;
				CLANG_WARN_SUSPICIOUS_MOVE = YES;
				CLANG_WARN_UNGUARDED_AVAILABILITY = YES_AGGRESSIVE;
				CLANG_WARN_UNREACHABLE_CODE = YES;
				CLANG_WARN__DUPLICATE_METHOD_MATCH = YES;
				COPY_PHASE_STRIP = NO;
				DEBUG_INFORMATION_FORMAT = "dwarf-with-dsym";
				ENABLE_NS_ASSERTIONS = NO;
				ENABLE_STRICT_OBJC_MSGSEND = YES;
				ENABLE_USER_SCRIPT_SANDBOXING = YES;
				GCC_C_LANGUAGE_STANDARD = gnu17;
				GCC_NO_COMMON_BLOCKS = YES;
				GCC_WARN_64_TO_32_BIT_CONVERSION = YES;
				GCC_WARN_ABOUT_RETURN_TYPE = YES_ERROR;
				GCC_WARN_UNDECLARED_SELECTOR = YES;
				GCC_WARN_UNINITIALIZED_AUTOS = YES_AGGRESSIVE;
				GCC_WARN_UNUSED_FUNCTION = YES;
				GCC_WARN_UNUSED_VARIABLE = YES;
				IPHONEOS_DEPLOYMENT_TARGET = 17.5;
				LOCALIZATION_PREFERS_STRING_CATALOGS = YES;
				MTL_ENABLE_DEBUG_INFO = NO;
				MTL_FAST_MATH = YES;
				SDKROOT = iphoneos;
				SWIFT_COMPILATION_MODE = wholemodule;
				VALIDATE_PRODUCT = YES;
			};
			name = Release;
		};
		8F4E40C72C88CD35009D9DD7 /* Debug */ = {
			isa = XCBuildConfiguration;
			buildSettings = {
				ASSETCATALOG_COMPILER_APPICON_NAME = AppIcon;
				ASSETCATALOG_COMPILER_GLOBAL_ACCENT_COLOR_NAME = AccentColor;
				CODE_SIGN_STYLE = Automatic;
				CURRENT_PROJECT_VERSION = 1;
				DEVELOPMENT_TEAM = 4D2YVVCBXR;
				GENERATE_INFOPLIST_FILE = YES;
				INFOPLIST_FILE = MiniApps/App/Info.plist;
				INFOPLIST_KEY_UIApplicationSupportsIndirectInputEvents = YES;
				INFOPLIST_KEY_UILaunchStoryboardName = LaunchScreen;
				INFOPLIST_KEY_UIMainStoryboardFile = Main;
				INFOPLIST_KEY_UISupportedInterfaceOrientations = UIInterfaceOrientationPortrait;
				INFOPLIST_KEY_UISupportedInterfaceOrientations_iPad = "UIInterfaceOrientationLandscapeLeft UIInterfaceOrientationLandscapeRight UIInterfaceOrientationPortrait UIInterfaceOrientationPortraitUpsideDown";
				LD_RUNPATH_SEARCH_PATHS = (
					"$(inherited)",
					"@executable_path/Frameworks",
				);
				MARKETING_VERSION = 1.0;
				PRODUCT_BUNDLE_IDENTIFIER = Evgeniy.MiniApps;
				PRODUCT_NAME = "$(TARGET_NAME)";
				SUPPORTED_PLATFORMS = "iphoneos iphonesimulator";
				SUPPORTS_MACCATALYST = NO;
				SUPPORTS_MAC_DESIGNED_FOR_IPHONE_IPAD = NO;
				SUPPORTS_XR_DESIGNED_FOR_IPHONE_IPAD = NO;
				SWIFT_EMIT_LOC_STRINGS = YES;
				SWIFT_VERSION = 5.0;
				TARGETED_DEVICE_FAMILY = "1,2";
			};
			name = Debug;
		};
		8F4E40C82C88CD35009D9DD7 /* Release */ = {
			isa = XCBuildConfiguration;
			buildSettings = {
				ASSETCATALOG_COMPILER_APPICON_NAME = AppIcon;
				ASSETCATALOG_COMPILER_GLOBAL_ACCENT_COLOR_NAME = AccentColor;
				CODE_SIGN_STYLE = Automatic;
				CURRENT_PROJECT_VERSION = 1;
				DEVELOPMENT_TEAM = 4D2YVVCBXR;
				GENERATE_INFOPLIST_FILE = YES;
				INFOPLIST_FILE = MiniApps/App/Info.plist;
				INFOPLIST_KEY_UIApplicationSupportsIndirectInputEvents = YES;
				INFOPLIST_KEY_UILaunchStoryboardName = LaunchScreen;
				INFOPLIST_KEY_UIMainStoryboardFile = Main;
				INFOPLIST_KEY_UISupportedInterfaceOrientations = UIInterfaceOrientationPortrait;
				INFOPLIST_KEY_UISupportedInterfaceOrientations_iPad = "UIInterfaceOrientationLandscapeLeft UIInterfaceOrientationLandscapeRight UIInterfaceOrientationPortrait UIInterfaceOrientationPortraitUpsideDown";
				LD_RUNPATH_SEARCH_PATHS = (
					"$(inherited)",
					"@executable_path/Frameworks",
				);
				MARKETING_VERSION = 1.0;
				PRODUCT_BUNDLE_IDENTIFIER = Evgeniy.MiniApps;
				PRODUCT_NAME = "$(TARGET_NAME)";
				SUPPORTED_PLATFORMS = "iphoneos iphonesimulator";
				SUPPORTS_MACCATALYST = NO;
				SUPPORTS_MAC_DESIGNED_FOR_IPHONE_IPAD = NO;
				SUPPORTS_XR_DESIGNED_FOR_IPHONE_IPAD = NO;
				SWIFT_EMIT_LOC_STRINGS = YES;
				SWIFT_VERSION = 5.0;
				TARGETED_DEVICE_FAMILY = "1,2";
			};
			name = Release;
		};
/* End XCBuildConfiguration section */

/* Begin XCConfigurationList section */
		8F4E40AD2C88CD34009D9DD7 /* Build configuration list for PBXProject "MiniApps" */ = {
			isa = XCConfigurationList;
			buildConfigurations = (
				8F4E40C42C88CD35009D9DD7 /* Debug */,
				8F4E40C52C88CD35009D9DD7 /* Release */,
			);
			defaultConfigurationIsVisible = 0;
			defaultConfigurationName = Release;
		};
		8F4E40C62C88CD35009D9DD7 /* Build configuration list for PBXNativeTarget "MiniApps" */ = {
			isa = XCConfigurationList;
			buildConfigurations = (
				8F4E40C72C88CD35009D9DD7 /* Debug */,
				8F4E40C82C88CD35009D9DD7 /* Release */,
			);
			defaultConfigurationIsVisible = 0;
			defaultConfigurationName = Release;
		};
/* End XCConfigurationList section */
	};
	rootObject = 8F4E40AA2C88CD34009D9DD7 /* Project object */;
}
